
Microsoft Visual Studio Solution File, Format Version 12.00
# Visual Studio Version 17
VisualStudioVersion = 17.9.34728.123
MinimumVisualStudioVersion = 10.0.40219.1
Project("{FAE04EC0-301F-11D3-BF4B-00C04F79EFBC}") = "FechamentoLotofacil", "FechamentoLotofacil.csproj", "{04DAE2B8-1D2E-4788-A537-0BD7BBDD23DB}"
EndProject
Global
	GlobalSection(SolutionConfigurationPlatforms) = preSolution
		Debug|Any CPU = Debug|Any CPU
		Release|Any CPU = Release|Any CPU
	EndGlobalSection
	GlobalSection(ProjectConfigurationPlatforms) = postSolution
		{04DAE2B8-1D2E-4788-A537-0BD7BBDD23DB}.Debug|Any CPU.ActiveCfg = Debug|Any CPU
		{04DAE2B8-1D2E-4788-A537-0BD7BBDD23DB}.Debug|Any CPU.Build.0 = Debug|Any CPU
		{04DAE2B8-1D2E-4788-A537-0BD7BBDD23DB}.Debug|Any CPU.Deploy.0 = Debug|Any CPU
		{04DAE2B8-1D2E-4788-A537-0BD7BBDD23DB}.Release|Any CPU.ActiveCfg = Release|Any CPU
		{04DAE2B8-1D2E-4788-A537-0BD7BBDD23DB}.Release|Any CPU.Build.0 = Release|Any CPU
		{04DAE2B8-1D2E-4788-A537-0BD7BBDD23DB}.Release|Any CPU.Deploy.0 = Release|Any CPU
	EndGlobalSection
	GlobalSection(SolutionProperties) = preSolution
		HideSolutionNode = FALSE
	EndGlobalSection
	GlobalSection(ExtensibilityGlobals) = postSolution
		SolutionGuid = {DED5479D-113C-434D-9EA5-5A70A29238EE}
	EndGlobalSection
EndGlobal
